// !$*UTF8*$!
{
	archiveVersion = 1;
	classes = {
	};
	objectVersion = 77;
	objects = {

/* Begin PBXContainerItemProxy section */
		2012B8642E6005AB00CBD6EE /* PBXContainerItemProxy */ = {
			isa = PBXContainerItemProxy;
			containerPortal = 2012B84C2E6005AA00CBD6EE /* Project object */;
			proxyType = 1;
			remoteGlobalIDString = 2012B8532E6005AA00CBD6EE;
			remoteInfo = Alis_x;
		};
		2012B86E2E6005AB00CBD6EE /* PBXContainerItemProxy */ = {
			isa = PBXContainerItemProxy;
			containerPortal = 2012B84C2E6005AA00CBD6EE /* Project object */;
			proxyType = 1;
			remoteGlobalIDString = 2012B8532E6005AA00CBD6EE;
			remoteInfo = Alis_x;
		};
/* End PBXContainerItemProxy section */

/* Begin PBXFileReference section */
		2012B8542E6005AA00CBD6EE /* Alis_x.app */ = {isa = PBXFileReference; explicitFileType = wrapper.application; includeInIndex = 0; path = Alis_x.app; sourceTree = BUILT_PRODUCTS_DIR; };
		2012B8632E6005AB00CBD6EE /* Alis_xTests.xctest */ = {isa = PBXFileReference; explicitFileType = wrapper.cfbundle; includeInIndex = 0; path = Alis_xTests.xctest; sourceTree = BUILT_PRODUCTS_DIR; };
		2012B86D2E6005AB00CBD6EE /* Alis_xUITests.xctest */ = {isa = PBXFileReference; explicitFileType = wrapper.cfbundle; includeInIndex = 0; path = Alis_xUITests.xctest; sourceTree = BUILT_PRODUCTS_DIR; };
/* End PBXFileReference section */

/* Begin PBXFileSystemSynchronizedRootGroup section */
		2012B8562E6005AA00CBD6EE /* Alis_x */ = {
			isa = PBXFileSystemSynchronizedRootGroup;
			path = Alis_x;
			sourceTree = "<group>";
		};
		2012B8662E6005AB00CBD6EE /* Alis_xTests */ = {
			isa = PBXFileSystemSynchronizedRootGroup;
			path = Alis_xTests;
			sourceTree = "<group>";
		};
		2012B8702E6005AB00CBD6EE /* Alis_xUITests */ = {
			isa = PBXFileSystemSynchronizedRootGroup;
			path = Alis_xUITests;
			sourceTree = "<group>";
		};
/* End PBXFileSystemSynchronizedRootGroup section */

/* Begin PBXFrameworksBuildPhase section */
		2012B8512E6005AA00CBD6EE /* Frameworks */ = {
			isa = PBXFrameworksBuildPhase;
			buildActionMask = 2147483647;
			files = (
			);
			runOnlyForDeploymentPostprocessing = 0;
		};
		2012B8602E6005AB00CBD6EE /* Frameworks */ = {
			isa = PBXFrameworksBuildPhase;
			buildActionMask = 2147483647;
			files = (
			);
			runOnlyForDeploymentPostprocessing = 0;
		};
		2012B86A2E6005AB00CBD6EE /* Frameworks */ = {
			isa = PBXFrameworksBuildPhase;
			buildActionMask = 2147483647;
			files = (
			);
			runOnlyForDeploymentPostprocessing = 0;
		};
/* End PBXFrameworksBuildPhase section */

/* Begin PBXGroup section */
		2012B84B2E6005AA00CBD6EE = {
			isa = PBXGroup;
			children = (
				2012B8562E6005AA00CBD6EE /* Alis_x */,
				2012B8662E6005AB00CBD6EE /* Alis_xTests */,
				2012B8702E6005AB00CBD6EE /* Alis_xUITests */,
				2012B8552E6005AA00CBD6EE /* Products */,
			);
			sourceTree = "<group>";
		};
		2012B8552E6005AA00CBD6EE /* Products */ = {
			isa = PBXGroup;
			children = (
				2012B8542E6005AA00CBD6EE /* Alis_x.app */,
				2012B8632E6005AB00CBD6EE /* Alis_xTests.xctest */,
				2012B86D2E6005AB00CBD6EE /* Alis_xUITests.xctest */,
			);
			name = Products;
			sourceTree = "<group>";
		};
/* End PBXGroup section */

/* Begin PBXNativeTarget section */
		2012B8532E6005AA00CBD6EE /* Alis_x */ = {
			isa = PBXNativeTarget;
			buildConfigurationList = 2012B8772E6005AB00CBD6EE /* Build configuration list for PBXNativeTarget "Alis_x" */;
			buildPhases = (
				2012B8502E6005AA00CBD6EE /* Sources */,
				2012B8512E6005AA00CBD6EE /* Frameworks */,
				2012B8522E6005AA00CBD6EE /* Resources */,
			);
			buildRules = (
			);
			dependencies = (
			);
			fileSystemSynchronizedGroups = (
				2012B8562E6005AA00CBD6EE /* Alis_x */,
			);
			name = Alis_x;
			packageProductDependencies = (
			);
			productName = Alis_x;
			productReference = 2012B8542E6005AA00CBD6EE /* Alis_x.app */;
			productType = "com.apple.product-type.application";
		};
		2012B8622E6005AB00CBD6EE /* Alis_xTests */ = {
			isa = PBXNativeTarget;
			buildConfigurationList = 2012B87A2E6005AB00CBD6EE /* Build configuration list for PBXNativeTarget "Alis_xTests" */;
			buildPhases = (
				2012B85F2E6005AB00CBD6EE /* Sources */,
				2012B8602E6005AB00CBD6EE /* Frameworks */,
				2012B8612E6005AB00CBD6EE /* Resources */,
			);
			buildRules = (
			);
			dependencies = (
				2012B8652E6005AB00CBD6EE /* PBXTargetDependency */,
			);
			fileSystemSynchronizedGroups = (
				2012B8662E6005AB00CBD6EE /* Alis_xTests */,
			);
			name = Alis_xTests;
			packageProductDependencies = (
			);
			productName = Alis_xTests;
			productReference = 2012B8632E6005AB00CBD6EE /* Alis_xTests.xctest */;
			productType = "com.apple.product-type.bundle.unit-test";
		};
		2012B86C2E6005AB00CBD6EE /* Alis_xUITests */ = {
			isa = PBXNativeTarget;
			buildConfigurationList = 2012B87D2E6005AB00CBD6EE /* Build configuration list for PBXNativeTarget "Alis_xUITests" */;
			buildPhases = (
				2012B8692E6005AB00CBD6EE /* Sources */,
				2012B86A2E6005AB00CBD6EE /* Frameworks */,
				2012B86B2E6005AB00CBD6EE /* Resources */,
			);
			buildRules = (
			);
			dependencies = (
				2012B86F2E6005AB00CBD6EE /* PBXTargetDependency */,
			);
			fileSystemSynchronizedGroups = (
				2012B8702E6005AB00CBD6EE /* Alis_xUITests */,
			);
			name = Alis_xUITests;
			packageProductDependencies = (
			);
			productName = Alis_xUITests;
			productReference = 2012B86D2E6005AB00CBD6EE /* Alis_xUITests.xctest */;
			productType = "com.apple.product-type.bundle.ui-testing";
		};
/* End PBXNativeTarget section */

/* Begin PBXProject section */
		2012B84C2E6005AA00CBD6EE /* Project object */ = {
			isa = PBXProject;
			attributes = {
				BuildIndependentTargetsInParallel = 1;
				LastSwiftUpdateCheck = 1640;
				LastUpgradeCheck = 1640;
				TargetAttributes = {
					2012B8532E6005AA00CBD6EE = {
						CreatedOnToolsVersion = 16.4;
					};
					2012B8622E6005AB00CBD6EE = {
						CreatedOnToolsVersion = 16.4;
						TestTargetID = 2012B8532E6005AA00CBD6EE;
					};
					2012B86C2E6005AB00CBD6EE = {
						CreatedOnToolsVersion = 16.4;
						TestTargetID = 2012B8532E6005AA00CBD6EE;
					};
				};
			};
			buildConfigurationList = 2012B84F2E6005AA00CBD6EE /* Build configuration list for PBXProject "Alis_x" */;
			developmentRegion = en;
			hasScannedForEncodings = 0;
			knownRegions = (
				en,
				Base,
			);
			mainGroup = 2012B84B2E6005AA00CBD6EE;
			minimizedProjectReferenceProxies = 1;
			preferredProjectObjectVersion = 77;
			productRefGroup = 2012B8552E6005AA00CBD6EE /* Products */;
			projectDirPath = "";
			projectRoot = "";
			targets = (
				2012B8532E6005AA00CBD6EE /* Alis_x */,
				2012B8622E6005AB00CBD6EE /* Alis_xTests */,
				2012B86C2E6005AB00CBD6EE /* Alis_xUITests */,
			);
		};
/* End PBXProject section */

/* Begin PBXResourcesBuildPhase section */
		2012B8522E6005AA00CBD6EE /* Resources */ = {
			isa = PBXResourcesBuildPhase;
			buildActionMask = 2147483647;
			files = (
			);
			runOnlyForDeploymentPostprocessing = 0;
		};
		2012B8612E6005AB00CBD6EE /* Resources */ = {
			isa = PBXResourcesBuildPhase;
			buildActionMask = 2147483647;
			files = (
			);
			runOnlyForDeploymentPostprocessing = 0;
		};
		2012B86B2E6005AB00CBD6EE /* Resources */ = {
			isa = PBXResourcesBuildPhase;
			buildActionMask = 2147483647;
			files = (
			);
			runOnlyForDeploymentPostprocessing = 0;
		};
/* End PBXResourcesBuildPhase section */

/* Begin PBXSourcesBuildPhase section */
		2012B8502E6005AA00CBD6EE /* Sources */ = {
			isa = PBXSourcesBuildPhase;
			buildActionMask = 2147483647;
			files = (
			);
			runOnlyForDeploymentPostprocessing = 0;
		};
		2012B85F2E6005AB00CBD6EE /* Sources */ = {
			isa = PBXSourcesBuildPhase;
			buildActionMask = 2147483647;
			files = (
			);
			runOnlyForDeploymentPostprocessing = 0;
		};
		2012B8692E6005AB00CBD6EE /* Sources */ = {
			isa = PBXSourcesBuildPhase;
			buildActionMask = 2147483647;
			files = (
			);
			runOnlyForDeploymentPostprocessing = 0;
		};
/* End PBXSourcesBuildPhase section */

/* Begin PBXTargetDependency section */
		2012B8652E6005AB00CBD6EE /* PBXTargetDependency */ = {
			isa = PBXTargetDependency;
			target = 2012B8532E6005AA00CBD6EE /* Alis_x */;
			targetProxy = 2012B8642E6005AB00CBD6EE /* PBXContainerItemProxy */;
		};
		2012B86F2E6005AB00CBD6EE /* PBXTargetDependency */ = {
			isa = PBXTargetDependency;
			target = 2012B8532E6005AA00CBD6EE /* Alis_x */;
			targetProxy = 2012B86E2E6005AB00CBD6EE /* PBXContainerItemProxy */;
		};
/* End PBXTargetDependency section */

/* Begin XCBuildConfiguration section */
		2012B8752E6005AB00CBD6EE /* Debug */ = {
			isa = XCBuildConfiguration;
			buildSettings = {
				ALWAYS_SEARCH_USER_PATHS = NO;
				ASSETCATALOG_COMPILER_GENERATE_SWIFT_ASSET_SYMBOL_EXTENSIONS = YES;
				CLANG_ANALYZER_NONNULL = YES;
				CLANG_ANALYZER_NUMBER_OBJECT_CONVERSION = YES_AGGRESSIVE;
				CLANG_CXX_LANGUAGE_STANDARD = "gnu++20";
				CLANG_ENABLE_MODULES = YES;
				CLANG_ENABLE_OBJC_ARC = YES;
				CLANG_ENABLE_OBJC_WEAK = YES;
				CLANG_WARN_BLOCK_CAPTURE_AUTORELEASING = YES;
				CLANG_WARN_BOOL_CONVERSION = YES;
				CLANG_WARN_COMMA = YES;
				CLANG_WARN_CONSTANT_CONVERSION = YES;
				CLANG_WARN_DEPRECATED_OBJC_IMPLEMENTATIONS = YES;
				CLANG_WARN_DIRECT_OBJC_ISA_USAGE = YES_ERROR;
				CLANG_WARN_DOCUMENTATION_COMMENTS = YES;
				CLANG_WARN_EMPTY_BODY = YES;
				CLANG_WARN_ENUM_CONVERSION = YES;
				CLANG_WARN_INFINITE_RECURSION = YES;
				CLANG_WARN_INT_CONVERSION = YES;
				CLANG_WARN_NON_LITERAL_NULL_CONVERSION = YES;
				CLANG_WARN_OBJC_IMPLICIT_RETAIN_SELF = YES;
				CLANG_WARN_OBJC_LITERAL_CONVERSION = YES;
				CLANG_WARN_OBJC_ROOT_CLASS = YES_ERROR;
				CLANG_WARN_QUOTED_INCLUDE_IN_FRAMEWORK_HEADER = YES;
				CLANG_WARN_RANGE_LOOP_ANALYSIS = YES;
				CLANG_WARN_STRICT_PROTOTYPES = YES;
				CLANG_WARN_SUSPICIOUS_MOVE = YES;
				CLANG_WARN_UNGUARDED_AVAILABILITY = YES_AGGRESSIVE;
				CLANG_WARN_UNREACHABLE_CODE = YES;
				CLANG_WARN__DUPLICATE_METHOD_MATCH = YES;
				COPY_PHASE_STRIP = NO;
				DEBUG_INFORMATION_FORMAT = dwarf;
				ENABLE_STRICT_OBJC_MSGSEND = YES;
				ENABLE_TESTABILITY = YES;
				ENABLE_USER_SCRIPT_SANDBOXING = YES;
				GCC_C_LANGUAGE_STANDARD = gnu17;
				GCC_DYNAMIC_NO_PIC = NO;
				GCC_NO_COMMON_BLOCKS = YES;
				GCC_OPTIMIZATION_LEVEL = 0;
				GCC_PREPROCESSOR_DEFINITIONS = (
					"DEBUG=1",
					"$(inherited)",
				);
				GCC_WARN_64_TO_32_BIT_CONVERSION = YES;
				GCC_WARN_ABOUT_RETURN_TYPE = YES_ERROR;
				GCC_WARN_UNDECLARED_SELECTOR = YES;
				GCC_WARN_UNINITIALIZED_AUTOS = YES_AGGRESSIVE;
				GCC_WARN_UNUSED_FUNCTION = YES;
				GCC_WARN_UNUSED_VARIABLE = YES;
				IPHONEOS_DEPLOYMENT_TARGET = 18.5;
				LOCALIZATION_PREFERS_STRING_CATALOGS = YES;
				MTL_ENABLE_DEBUG_INFO = INCLUDE_SOURCE;
				MTL_FAST_MATH = YES;
				ONLY_ACTIVE_ARCH = YES;
				SDKROOT = iphoneos;
				SWIFT_ACTIVE_COMPILATION_CONDITIONS = "DEBUG $(inherited)";
				SWIFT_OPTIMIZATION_LEVEL = "-Onone";
			};
			name = Debug;
		};
		2012B8762E6005AB00CBD6EE /* Release */ = {
			isa = XCBuildConfiguration;
			buildSettings = {
				ALWAYS_SEARCH_USER_PATHS = NO;
				ASSETCATALOG_COMPILER_GENERATE_SWIFT_ASSET_SYMBOL_EXTENSIONS = YES;
				CLANG_ANALYZER_NONNULL = YES;
				CLANG_ANALYZER_NUMBER_OBJECT_CONVERSION = YES_AGGRESSIVE;
				CLANG_CXX_LANGUAGE_STANDARD = "gnu++20";
				CLANG_ENABLE_MODULES = YES;
				CLANG_ENABLE_OBJC_ARC = YES;
				CLANG_ENABLE_OBJC_WEAK = YES;
				CLANG_WARN_BLOCK_CAPTURE_AUTORELEASING = YES;
				CLANG_WARN_BOOL_CONVERSION = YES;
				CLANG_WARN_COMMA = YES;
				CLANG_WARN_CONSTANT_CONVERSION = YES;
				CLANG_WARN_DEPRECATED_OBJC_IMPLEMENTATIONS = YES;
				CLANG_WARN_DIRECT_OBJC_ISA_USAGE = YES_ERROR;
				CLANG_WARN_DOCUMENTATION_COMMENTS = YES;
				CLANG_WARN_EMPTY_BODY = YES;
				CLANG_WARN_ENUM_CONVERSION = YES;
				CLANG_WARN_INFINITE_RECURSION = YES;
				CLANG_WARN_INT_CONVERSION = YES;
				CLANG_WARN_NON_LITERAL_NULL_CONVERSION = YES;
				CLANG_WARN_OBJC_IMPLICIT_RETAIN_SELF = YES;
				CLANG_WARN_OBJC_LITERAL_CONVERSION = YES;
				CLANG_WARN_OBJC_ROOT_CLASS = YES_ERROR;
				CLANG_WARN_QUOTED_INCLUDE_IN_FRAMEWORK_HEADER = YES;
				CLANG_WARN_RANGE_LOOP_ANALYSIS = YES;
				CLANG_WARN_STRICT_PROTOTYPES = YES;
				CLANG_WARN_SUSPICIOUS_MOVE = YES;
				CLANG_WARN_UNGUARDED_AVAILABILITY = YES_AGGRESSIVE;
				CLANG_WARN_UNREACHABLE_CODE = YES;
				CLANG_WARN__DUPLICATE_METHOD_MATCH = YES;
				COPY_PHASE_STRIP = NO;
				DEBUG_INFORMATION_FORMAT = "dwarf-with-dsym";
				ENABLE_NS_ASSERTIONS = NO;
				ENABLE_STRICT_OBJC_MSGSEND = YES;
				ENABLE_USER_SCRIPT_SANDBOXING = YES;
				GCC_C_LANGUAGE_STANDARD = gnu17;
				GCC_NO_COMMON_BLOCKS = YES;
				GCC_WARN_64_TO_32_BIT_CONVERSION = YES;
				GCC_WARN_ABOUT_RETURN_TYPE = YES_ERROR;
				GCC_WARN_UNDECLARED_SELECTOR = YES;
				GCC_WARN_UNINITIALIZED_AUTOS = YES_AGGRESSIVE;
				GCC_WARN_UNUSED_FUNCTION = YES;
				GCC_WARN_UNUSED_VARIABLE = YES;
				IPHONEOS_DEPLOYMENT_TARGET = 18.5;
				LOCALIZATION_PREFERS_STRING_CATALOGS = YES;
				MTL_ENABLE_DEBUG_INFO = NO;
				MTL_FAST_MATH = YES;
				SDKROOT = iphoneos;
				SWIFT_COMPILATION_MODE = wholemodule;
				VALIDATE_PRODUCT = YES;
			};
			name = Release;
		};
		2012B8782E6005AB00CBD6EE /* Debug */ = {
			isa = XCBuildConfiguration;
			buildSettings = {
				ASSETCATALOG_COMPILER_APPICON_NAME = AppIcon;
				ASSETCATALOG_COMPILER_GLOBAL_ACCENT_COLOR_NAME = AccentColor;
				CODE_SIGN_STYLE = Automatic;
				CURRENT_PROJECT_VERSION = 1;
				ENABLE_PREVIEWS = YES;
				GENERATE_INFOPLIST_FILE = YES;
				INFOPLIST_KEY_UIApplicationSceneManifest_Generation = YES;
				INFOPLIST_KEY_UIApplicationSupportsIndirectInputEvents = YES;
				INFOPLIST_KEY_UILaunchScreen_Generation = YES;
				INFOPLIST_KEY_UISupportedInterfaceOrientations_iPad = "UIInterfaceOrientationPortrait UIInterfaceOrientationPortraitUpsideDown UIInterfaceOrientationLandscapeLeft UIInterfaceOrientationLandscapeRight";
				INFOPLIST_KEY_UISupportedInterfaceOrientations_iPhone = "UIInterfaceOrientationPortrait UIInterfaceOrientationLandscapeLeft UIInterfaceOrientationLandscapeRight";
				LD_RUNPATH_SEARCH_PATHS = (
					"$(inherited)",
					"@executable_path/Frameworks",
				);
				MARKETING_VERSION = 1.0;
				PRODUCT_BUNDLE_IDENTIFIER = "slugworks.Alis-x";
				PRODUCT_NAME = "$(TARGET_NAME)";
				SWIFT_EMIT_LOC_STRINGS = YES;
				SWIFT_VERSION = 5.0;
				TARGETED_DEVICE_FAMILY = "1,2";
			};
			name = Debug;
		};
		2012B8792E6005AB00CBD6EE /* Release */ = {
			isa = XCBuildConfiguration;
			buildSettings = {
				ASSETCATALOG_COMPILER_APPICON_NAME = AppIcon;
				ASSETCATALOG_COMPILER_GLOBAL_ACCENT_COLOR_NAME = AccentColor;
				CODE_SIGN_STYLE = Automatic;
				CURRENT_PROJECT_VERSION = 1;
				ENABLE_PREVIEWS = YES;
				GENERATE_INFOPLIST_FILE = YES;
				INFOPLIST_KEY_UIApplicationSceneManifest_Generation = YES;
				INFOPLIST_KEY_UIApplicationSupportsIndirectInputEvents = YES;
				INFOPLIST_KEY_UILaunchScreen_Generation = YES;
				INFOPLIST_KEY_UISupportedInterfaceOrientations_iPad = "UIInterfaceOrientationPortrait UIInterfaceOrientationPortraitUpsideDown UIInterfaceOrientationLandscapeLeft UIInterfaceOrientationLandscapeRight";
				INFOPLIST_KEY_UISupportedInterfaceOrientations_iPhone = "UIInterfaceOrientationPortrait UIInterfaceOrientationLandscapeLeft UIInterfaceOrientationLandscapeRight";
				LD_RUNPATH_SEARCH_PATHS = (
					"$(inherited)",
					"@executable_path/Frameworks",
				);
				MARKETING_VERSION = 1.0;
				PRODUCT_BUNDLE_IDENTIFIER = "slugworks.Alis-x";
				PRODUCT_NAME = "$(TARGET_NAME)";
				SWIFT_EMIT_LOC_STRINGS = YES;
				SWIFT_VERSION = 5.0;
				TARGETED_DEVICE_FAMILY = "1,2";
			};
			name = Release;
		};
		2012B87B2E6005AB00CBD6EE /* Debug */ = {
			isa = XCBuildConfiguration;
			buildSettings = {
				BUNDLE_LOADER = "$(TEST_HOST)";
				CODE_SIGN_STYLE = Automatic;
				CURRENT_PROJECT_VERSION = 1;
				GENERATE_INFOPLIST_FILE = YES;
				IPHONEOS_DEPLOYMENT_TARGET = 18.5;
				MARKETING_VERSION = 1.0;
				PRODUCT_BUNDLE_IDENTIFIER = "slugworks.Alis-xTests";
				PRODUCT_NAME = "$(TARGET_NAME)";
				SWIFT_EMIT_LOC_STRINGS = NO;
				SWIFT_VERSION = 5.0;
				TARGETED_DEVICE_FAMILY = "1,2";
				TEST_HOST = "$(BUILT_PRODUCTS_DIR)/Alis_x.app/$(BUNDLE_EXECUTABLE_FOLDER_PATH)/Alis_x";
			};
			name = Debug;
		};
		2012B87C2E6005AB00CBD6EE /* Release */ = {
			isa = XCBuildConfiguration;
			buildSettings = {
				BUNDLE_LOADER = "$(TEST_HOST)";
				CODE_SIGN_STYLE = Automatic;
				CURRENT_PROJECT_VERSION = 1;
				GENERATE_INFOPLIST_FILE = YES;
				IPHONEOS_DEPLOYMENT_TARGET = 18.5;
				MARKETING_VERSION = 1.0;
				PRODUCT_BUNDLE_IDENTIFIER = "slugworks.Alis-xTests";
				PRODUCT_NAME = "$(TARGET_NAME)";
				SWIFT_EMIT_LOC_STRINGS = NO;
				SWIFT_VERSION = 5.0;
				TARGETED_DEVICE_FAMILY = "1,2";
				TEST_HOST = "$(BUILT_PRODUCTS_DIR)/Alis_x.app/$(BUNDLE_EXECUTABLE_FOLDER_PATH)/Alis_x";
			};
			name = Release;
		};
		2012B87E2E6005AB00CBD6EE /* Debug */ = {
			isa = XCBuildConfiguration;
			buildSettings = {
				CODE_SIGN_STYLE = Automatic;
				CURRENT_PROJECT_VERSION = 1;
				GENERATE_INFOPLIST_FILE = YES;
				MARKETING_VERSION = 1.0;
				PRODUCT_BUNDLE_IDENTIFIER = "slugworks.Alis-xUITests";
				PRODUCT_NAME = "$(TARGET_NAME)";
				SWIFT_EMIT_LOC_STRINGS = NO;
				SWIFT_VERSION = 5.0;
				TARGETED_DEVICE_FAMILY = "1,2";
				TEST_TARGET_NAME = Alis_x;
			};
			name = Debug;
		};
		2012B87F2E6005AB00CBD6EE /* Release */ = {
			isa = XCBuildConfiguration;
			buildSettings = {
				CODE_SIGN_STYLE = Automatic;
				CURRENT_PROJECT_VERSION = 1;
				GENERATE_INFOPLIST_FILE = YES;
				MARKETING_VERSION = 1.0;
				PRODUCT_BUNDLE_IDENTIFIER = "slugworks.Alis-xUITests";
				PRODUCT_NAME = "$(TARGET_NAME)";
				SWIFT_EMIT_LOC_STRINGS = NO;
				SWIFT_VERSION = 5.0;
				TARGETED_DEVICE_FAMILY = "1,2";
				TEST_TARGET_NAME = Alis_x;
			};
			name = Release;
		};
/* End XCBuildConfiguration section */

/* Begin XCConfigurationList section */
		2012B84F2E6005AA00CBD6EE /* Build configuration list for PBXProject "Alis_x" */ = {
			isa = XCConfigurationList;
			buildConfigurations = (
				2012B8752E6005AB00CBD6EE /* Debug */,
				2012B8762E6005AB00CBD6EE /* Release */,
			);
			defaultConfigurationIsVisible = 0;
			defaultConfigurationName = Release;
		};
		2012B8772E6005AB00CBD6EE /* Build configuration list for PBXNativeTarget "Alis_x" */ = {
			isa = XCConfigurationList;
			buildConfigurations = (
				2012B8782E6005AB00CBD6EE /* Debug */,
				2012B8792E6005AB00CBD6EE /* Release */,
			);
			defaultConfigurationIsVisible = 0;
			defaultConfigurationName = Release;
		};
		2012B87A2E6005AB00CBD6EE /* Build configuration list for PBXNativeTarget "Alis_xTests" */ = {
			isa = XCConfigurationList;
			buildConfigurations = (
				2012B87B2E6005AB00CBD6EE /* Debug */,
				2012B87C2E6005AB00CBD6EE /* Release */,
			);
			defaultConfigurationIsVisible = 0;
			defaultConfigurationName = Release;
		};
		2012B87D2E6005AB00CBD6EE /* Build configuration list for PBXNativeTarget "Alis_xUITests" */ = {
			isa = XCConfigurationList;
			buildConfigurations = (
				2012B87E2E6005AB00CBD6EE /* Debug */,
				2012B87F2E6005AB00CBD6EE /* Release */,
			);
			defaultConfigurationIsVisible = 0;
			defaultConfigurationName = Release;
		};
/* End XCConfigurationList section */
	};
	rootObject = 2012B84C2E6005AA00CBD6EE /* Project object */;
}
